
Microsoft Visual Studio Solution File, Format Version 12.00
# Visual Studio Version 16
VisualStudioVersion = 16.0.29025.244
MinimumVisualStudioVersion = 10.0.40219.1
Project("{FAE04EC0-301F-11D3-BF4B-00C04F79EFBC}") = "Distributions", "Distributions\Distributions.csproj", "{8BD8BEAF-8A28-47F4-9B12-EBBAB856AF00}"
EndProject
Global
	GlobalSection(SolutionConfigurationPlatforms) = preSolution
		Debug|Any CPU = Debug|Any CPU
		Release|Any CPU = Release|Any CPU
	EndGlobalSection
	GlobalSection(ProjectConfigurationPlatforms) = postSolution
		{8BD8BEAF-8A28-47F4-9B12-EBBAB856AF00}.Debug|Any CPU.ActiveCfg = Debug|Any CPU
		{8BD8BEAF-8A28-47F4-9B12-EBBAB856AF00}.Debug|Any CPU.Build.0 = Debug|Any CPU
		{8BD8BEAF-8A28-47F4-9B12-EBBAB856AF00}.Release|Any CPU.ActiveCfg = Release|Any CPU
		{8BD8BEAF-8A28-47F4-9B12-EBBAB856AF00}.Release|Any CPU.Build.0 = Release|Any CPU
	EndGlobalSection
	GlobalSection(SolutionProperties) = preSolution
		HideSolutionNode = FALSE
	EndGlobalSection
	GlobalSection(ExtensibilityGlobals) = postSolution
		SolutionGuid = {2251FDB0-194E-4278-B44B-AF10CD1EF152}
	EndGlobalSection
EndGlobal
